
Microsoft Visual Studio Solution File, Format Version 12.00
# Visual Studio Version 17
VisualStudioVersion = 17.13.35913.81 d17.13
MinimumVisualStudioVersion = 10.0.40219.1
Project("{FAE04EC0-301F-11D3-BF4B-00C04F79EFBC}") = "Bombones2025.Entidades", "Bombones2025.Entidades\Bombones2025.Entidades.csproj", "{9A6F9D4A-C151-48FD-B1D1-043E06144D72}"
EndProject
Project("{FAE04EC0-301F-11D3-BF4B-00C04F79EFBC}") = "Bombones2025.Datos", "Bombones2025.Datos\Bombones2025.Datos.csproj", "{3DDE13C6-E48C-40EA-8D4F-2D0493FFE99F}"
EndProject
Project("{FAE04EC0-301F-11D3-BF4B-00C04F79EFBC}") = "Bombones2025.Windows", "Bombones2025.Windows\Bombones2025.Windows.csproj", "{9EBC3F36-4975-442A-AC24-149CF9B83879}"
EndProject
Project("{FAE04EC0-301F-11D3-BF4B-00C04F79EFBC}") = "Bombones2025.Servicios", "Bombones2025.Servicios\Bombones2025.Servicios.csproj", "{9D18D822-F8E1-4051-B873-882B0350AED6}"
EndProject
Project("{FAE04EC0-301F-11D3-BF4B-00C04F79EFBC}") = "Bombones2025.Consola", "Bombones2025.Consola\Bombones2025.Consola.csproj", "{40C6878C-30F9-48D6-9432-2784FBF21756}"
EndProject
Global
	GlobalSection(SolutionConfigurationPlatforms) = preSolution
		Debug|Any CPU = Debug|Any CPU
		Release|Any CPU = Release|Any CPU
	EndGlobalSection
	GlobalSection(ProjectConfigurationPlatforms) = postSolution
		{9A6F9D4A-C151-48FD-B1D1-043E06144D72}.Debug|Any CPU.ActiveCfg = Debug|Any CPU
		{9A6F9D4A-C151-48FD-B1D1-043E06144D72}.Debug|Any CPU.Build.0 = Debug|Any CPU
		{9A6F9D4A-C151-48FD-B1D1-043E06144D72}.Release|Any CPU.ActiveCfg = Release|Any CPU
		{9A6F9D4A-C151-48FD-B1D1-043E06144D72}.Release|Any CPU.Build.0 = Release|Any CPU
		{3DDE13C6-E48C-40EA-8D4F-2D0493FFE99F}.Debug|Any CPU.ActiveCfg = Debug|Any CPU
		{3DDE13C6-E48C-40EA-8D4F-2D0493FFE99F}.Debug|Any CPU.Build.0 = Debug|Any CPU
		{3DDE13C6-E48C-40EA-8D4F-2D0493FFE99F}.Release|Any CPU.ActiveCfg = Release|Any CPU
		{3DDE13C6-E48C-40EA-8D4F-2D0493FFE99F}.Release|Any CPU.Build.0 = Release|Any CPU
		{9EBC3F36-4975-442A-AC24-149CF9B83879}.Debug|Any CPU.ActiveCfg = Debug|Any CPU
		{9EBC3F36-4975-442A-AC24-149CF9B83879}.Debug|Any CPU.Build.0 = Debug|Any CPU
		{9EBC3F36-4975-442A-AC24-149CF9B83879}.Release|Any CPU.ActiveCfg = Release|Any CPU
		{9EBC3F36-4975-442A-AC24-149CF9B83879}.Release|Any CPU.Build.0 = Release|Any CPU
		{9D18D822-F8E1-4051-B873-882B0350AED6}.Debug|Any CPU.ActiveCfg = Debug|Any CPU
		{9D18D822-F8E1-4051-B873-882B0350AED6}.Debug|Any CPU.Build.0 = Debug|Any CPU
		{9D18D822-F8E1-4051-B873-882B0350AED6}.Release|Any CPU.ActiveCfg = Release|Any CPU
		{9D18D822-F8E1-4051-B873-882B0350AED6}.Release|Any CPU.Build.0 = Release|Any CPU
		{40C6878C-30F9-48D6-9432-2784FBF21756}.Debug|Any CPU.ActiveCfg = Debug|Any CPU
		{40C6878C-30F9-48D6-9432-2784FBF21756}.Debug|Any CPU.Build.0 = Debug|Any CPU
		{40C6878C-30F9-48D6-9432-2784FBF21756}.Release|Any CPU.ActiveCfg = Release|Any CPU
		{40C6878C-30F9-48D6-9432-2784FBF21756}.Release|Any CPU.Build.0 = Release|Any CPU
	EndGlobalSection
	GlobalSection(SolutionProperties) = preSolution
		HideSolutionNode = FALSE
	EndGlobalSection
	GlobalSection(ExtensibilityGlobals) = postSolution
		SolutionGuid = {4D981948-E17F-48C5-8268-3E49A27B9C3B}
	EndGlobalSection
EndGlobal
